
Microsoft Visual Studio Solution File, Format Version 12.00
# Visual Studio Version 17
VisualStudioVersion = 17.5.002.0
MinimumVisualStudioVersion = 10.0.40219.1
Project("{9A19103F-16F7-4668-BE54-9A1E7A4F7556}") = "screenSound", "screenSound.csproj", "{91312F3A-419A-4F47-AF87-22B72F28505D}"
EndProject
Global
	GlobalSection(SolutionConfigurationPlatforms) = preSolution
		Debug|Any CPU = Debug|Any CPU
		Release|Any CPU = Release|Any CPU
	EndGlobalSection
	GlobalSection(ProjectConfigurationPlatforms) = postSolution
		{91312F3A-419A-4F47-AF87-22B72F28505D}.Debug|Any CPU.ActiveCfg = Debug|Any CPU
		{91312F3A-419A-4F47-AF87-22B72F28505D}.Debug|Any CPU.Build.0 = Debug|Any CPU
		{91312F3A-419A-4F47-AF87-22B72F28505D}.Release|Any CPU.ActiveCfg = Release|Any CPU
		{91312F3A-419A-4F47-AF87-22B72F28505D}.Release|Any CPU.Build.0 = Release|Any CPU
	EndGlobalSection
	GlobalSection(SolutionProperties) = preSolution
		HideSolutionNode = FALSE
	EndGlobalSection
	GlobalSection(ExtensibilityGlobals) = postSolution
		SolutionGuid = {9E22FE3D-C250-4C35-9349-EBED2361D3FF}
	EndGlobalSection
EndGlobal
