
Microsoft Visual Studio Solution File, Format Version 12.00
# Visual Studio Version 17
VisualStudioVersion = 17.14.36518.9 d17.14
MinimumVisualStudioVersion = 10.0.40219.1
Project("{FAE04EC0-301F-11D3-BF4B-00C04F79EFBC}") = "SerializacaoSimples", "SerializacaoSimples\SerializacaoSimples.csproj", "{D63C04BB-9BD9-4EF3-A985-A2D005229259}"
EndProject
Global
	GlobalSection(SolutionConfigurationPlatforms) = preSolution
		Debug|Any CPU = Debug|Any CPU
		Release|Any CPU = Release|Any CPU
	EndGlobalSection
	GlobalSection(ProjectConfigurationPlatforms) = postSolution
		{D63C04BB-9BD9-4EF3-A985-A2D005229259}.Debug|Any CPU.ActiveCfg = Debug|Any CPU
		{D63C04BB-9BD9-4EF3-A985-A2D005229259}.Debug|Any CPU.Build.0 = Debug|Any CPU
		{D63C04BB-9BD9-4EF3-A985-A2D005229259}.Release|Any CPU.ActiveCfg = Release|Any CPU
		{D63C04BB-9BD9-4EF3-A985-A2D005229259}.Release|Any CPU.Build.0 = Release|Any CPU
	EndGlobalSection
	GlobalSection(SolutionProperties) = preSolution
		HideSolutionNode = FALSE
	EndGlobalSection
	GlobalSection(ExtensibilityGlobals) = postSolution
		SolutionGuid = {0EEF2C25-EE72-4F19-AD49-B48F47D451FA}
	EndGlobalSection
EndGlobal
