
Microsoft Visual Studio Solution File, Format Version 12.00
# Visual Studio Version 17
VisualStudioVersion = 17.14.36518.9 d17.14
MinimumVisualStudioVersion = 10.0.40219.1
Project("{FAE04EC0-301F-11D3-BF4B-00C04F79EFBC}") = "SistemaDePagamentos", "SistemaDePagamentos\SistemaDePagamentos.csproj", "{02ACD2A5-CDEB-4F1B-9C32-92F9E256D03F}"
EndProject
Global
	GlobalSection(SolutionConfigurationPlatforms) = preSolution
		Debug|Any CPU = Debug|Any CPU
		Release|Any CPU = Release|Any CPU
	EndGlobalSection
	GlobalSection(ProjectConfigurationPlatforms) = postSolution
		{02ACD2A5-CDEB-4F1B-9C32-92F9E256D03F}.Debug|Any CPU.ActiveCfg = Debug|Any CPU
		{02ACD2A5-CDEB-4F1B-9C32-92F9E256D03F}.Debug|Any CPU.Build.0 = Debug|Any CPU
		{02ACD2A5-CDEB-4F1B-9C32-92F9E256D03F}.Release|Any CPU.ActiveCfg = Release|Any CPU
		{02ACD2A5-CDEB-4F1B-9C32-92F9E256D03F}.Release|Any CPU.Build.0 = Release|Any CPU
	EndGlobalSection
	GlobalSection(SolutionProperties) = preSolution
		HideSolutionNode = FALSE
	EndGlobalSection
	GlobalSection(ExtensibilityGlobals) = postSolution
		SolutionGuid = {BC8ACC1D-08BD-4D92-BDCD-A71631065138}
	EndGlobalSection
EndGlobal
