
Microsoft Visual Studio Solution File, Format Version 12.00
# Visual Studio Version 17
VisualStudioVersion = 17.14.36518.9 d17.14
MinimumVisualStudioVersion = 10.0.40219.1
Project("{FAE04EC0-301F-11D3-BF4B-00C04F79EFBC}") = "MontagemDeMicros", "MontagemDeMicros\MontagemDeMicros.csproj", "{D49B40E0-82A4-4D82-B2CD-A763E07F1FAF}"
EndProject
Global
	GlobalSection(SolutionConfigurationPlatforms) = preSolution
		Debug|Any CPU = Debug|Any CPU
		Release|Any CPU = Release|Any CPU
	EndGlobalSection
	GlobalSection(ProjectConfigurationPlatforms) = postSolution
		{D49B40E0-82A4-4D82-B2CD-A763E07F1FAF}.Debug|Any CPU.ActiveCfg = Debug|Any CPU
		{D49B40E0-82A4-4D82-B2CD-A763E07F1FAF}.Debug|Any CPU.Build.0 = Debug|Any CPU
		{D49B40E0-82A4-4D82-B2CD-A763E07F1FAF}.Release|Any CPU.ActiveCfg = Release|Any CPU
		{D49B40E0-82A4-4D82-B2CD-A763E07F1FAF}.Release|Any CPU.Build.0 = Release|Any CPU
	EndGlobalSection
	GlobalSection(SolutionProperties) = preSolution
		HideSolutionNode = FALSE
	EndGlobalSection
	GlobalSection(ExtensibilityGlobals) = postSolution
		SolutionGuid = {A514BCBE-E439-47F4-91EC-628A67BCB514}
	EndGlobalSection
EndGlobal
